github.com/Dete-Desai/dog v0.0.0-20231115102827-5cae09425356 h1:yM85IYFuTXeAt9L5QeYiew4uUXLV5Uf/JrjcfD1EL88=
github.com/Dete-Desai/dog v0.0.0-20231115102827-5cae09425356/go.mod h1:i/Z/PC8EBLszk6kyiD8Hy48FTYZ5f/VIgC1FtibQ7Ic=
github.com/Dete-Desai/puppy v0.0.0-20231115103404-04b0426fdbc3 h1:PtAsAGnvXEssskSlE622egXKMm5WpK98FdH4xoF1zHg=
github.com/Dete-Desai/puppy v0.0.0-20231115103404-04b0426fdbc3/go.mod h1:zkjS0qAHmx7r0uoq6gdKoal0a3UjPm+4b4NrwMm2Ku8=
